
Microsoft Visual Studio Solution File, Format Version 12.00
# Visual Studio Version 17
VisualStudioVersion = 17.5.33530.505
MinimumVisualStudioVersion = 10.0.40219.1
Project("{8BC9CEB8-8B4A-11D0-8D11-00A0C91BC942}") = "registration_3d", "registration_3d\registration_3d.vcxproj", "{FC9DBE76-8E21-4438-B683-F8618D173794}"
	ProjectSection(ProjectDependencies) = postProject
		{820F58E1-4F75-4997-B9FF-F325A534AC57} = {820F58E1-4F75-4997-B9FF-F325A534AC57}
	EndProjectSection
EndProject
Project("{8BC9CEB8-8B4A-11D0-8D11-00A0C91BC942}") = "pose_estimation", "pose_estimation\pose_estimation.vcxproj", "{6044219A-7052-498F-8AC0-1D691E928680}"
	ProjectSection(ProjectDependencies) = postProject
		{4358463A-0BF6-4BC6-B4D8-990766527956} = {4358463A-0BF6-4BC6-B4D8-990766527956}
		{820F58E1-4F75-4997-B9FF-F325A534AC57} = {820F58E1-4F75-4997-B9FF-F325A534AC57}
		{B5E1437F-4EB7-49CC-8261-7CCB15DDB87C} = {B5E1437F-4EB7-49CC-8261-7CCB15DDB87C}
		{FC9DBE76-8E21-4438-B683-F8618D173794} = {FC9DBE76-8E21-4438-B683-F8618D173794}
	EndProjectSection
EndProject
Project("{8BC9CEB8-8B4A-11D0-8D11-00A0C91BC942}") = "camera_data", "camera_data\camera_data.vcxproj", "{820F58E1-4F75-4997-B9FF-F325A534AC57}"
EndProject
Project("{8BC9CEB8-8B4A-11D0-8D11-00A0C91BC942}") = "recognition", "recognition\recognition.vcxproj", "{B5E1437F-4EB7-49CC-8261-7CCB15DDB87C}"
EndProject
Project("{8BC9CEB8-8B4A-11D0-8D11-00A0C91BC942}") = "segmentation", "segmentation\segmentation.vcxproj", "{4358463A-0BF6-4BC6-B4D8-990766527956}"
	ProjectSection(ProjectDependencies) = postProject
		{820F58E1-4F75-4997-B9FF-F325A534AC57} = {820F58E1-4F75-4997-B9FF-F325A534AC57}
	EndProjectSection
EndProject
Project("{8BC9CEB8-8B4A-11D0-8D11-00A0C91BC942}") = "AlgorithmTest", "AlgorithmTest\AlgorithmTest.vcxproj", "{FCD365B8-64DB-4216-AB4E-91D3C965AE81}"
	ProjectSection(ProjectDependencies) = postProject
		{1E71546D-08BE-4023-90FF-C8129DA572C8} = {1E71546D-08BE-4023-90FF-C8129DA572C8}
		{E1B88C1D-F319-47CC-99AD-6C0207A89A3B} = {E1B88C1D-F319-47CC-99AD-6C0207A89A3B}
	EndProjectSection
EndProject
Project("{8BC9CEB8-8B4A-11D0-8D11-00A0C91BC942}") = "grasp_pose", "grasp_pose\grasp_pose.vcxproj", "{E1B88C1D-F319-47CC-99AD-6C0207A89A3B}"
	ProjectSection(ProjectDependencies) = postProject
		{6044219A-7052-498F-8AC0-1D691E928680} = {6044219A-7052-498F-8AC0-1D691E928680}
		{820F58E1-4F75-4997-B9FF-F325A534AC57} = {820F58E1-4F75-4997-B9FF-F325A534AC57}
	EndProjectSection
EndProject
Project("{8BC9CEB8-8B4A-11D0-8D11-00A0C91BC942}") = "detection_2d", "detection_2d\detection_2d.vcxproj", "{1E71546D-08BE-4023-90FF-C8129DA572C8}"
	ProjectSection(ProjectDependencies) = postProject
		{820F58E1-4F75-4997-B9FF-F325A534AC57} = {820F58E1-4F75-4997-B9FF-F325A534AC57}
	EndProjectSection
EndProject
Project("{54435603-DBB4-11D2-8724-00A0C9A8B90C}") = "GPD_2.0", "gpd_2.0\GPD.vdproj", "{867F87FF-F159-463D-AC2E-C7BE1EBFEC41}"
EndProject
Global
	GlobalSection(SolutionConfigurationPlatforms) = preSolution
		Debug|x64 = Debug|x64
		Debug|x86 = Debug|x86
		Release|x64 = Release|x64
		Release|x86 = Release|x86
		Remote|x64 = Remote|x64
		Remote|x86 = Remote|x86
	EndGlobalSection
	GlobalSection(ProjectConfigurationPlatforms) = postSolution
		{FC9DBE76-8E21-4438-B683-F8618D173794}.Debug|x64.ActiveCfg = Debug|x64
		{FC9DBE76-8E21-4438-B683-F8618D173794}.Debug|x64.Build.0 = Debug|x64
		{FC9DBE76-8E21-4438-B683-F8618D173794}.Debug|x86.ActiveCfg = Debug|Win32
		{FC9DBE76-8E21-4438-B683-F8618D173794}.Debug|x86.Build.0 = Debug|Win32
		{FC9DBE76-8E21-4438-B683-F8618D173794}.Release|x64.ActiveCfg = Release|x64
		{FC9DBE76-8E21-4438-B683-F8618D173794}.Release|x64.Build.0 = Release|x64
		{FC9DBE76-8E21-4438-B683-F8618D173794}.Release|x86.ActiveCfg = Release|Win32
		{FC9DBE76-8E21-4438-B683-F8618D173794}.Release|x86.Build.0 = Release|Win32
		{FC9DBE76-8E21-4438-B683-F8618D173794}.Remote|x64.ActiveCfg = Remote|x64
		{FC9DBE76-8E21-4438-B683-F8618D173794}.Remote|x64.Build.0 = Remote|x64
		{FC9DBE76-8E21-4438-B683-F8618D173794}.Remote|x64.Deploy.0 = Remote|x64
		{FC9DBE76-8E21-4438-B683-F8618D173794}.Remote|x86.ActiveCfg = Remote|Win32
		{FC9DBE76-8E21-4438-B683-F8618D173794}.Remote|x86.Build.0 = Remote|Win32
		{6044219A-7052-498F-8AC0-1D691E928680}.Debug|x64.ActiveCfg = Debug|x64
		{6044219A-7052-498F-8AC0-1D691E928680}.Debug|x64.Build.0 = Debug|x64
		{6044219A-7052-498F-8AC0-1D691E928680}.Debug|x86.ActiveCfg = Debug|Win32
		{6044219A-7052-498F-8AC0-1D691E928680}.Debug|x86.Build.0 = Debug|Win32
		{6044219A-7052-498F-8AC0-1D691E928680}.Release|x64.ActiveCfg = Release|x64
		{6044219A-7052-498F-8AC0-1D691E928680}.Release|x64.Build.0 = Release|x64
		{6044219A-7052-498F-8AC0-1D691E928680}.Release|x86.ActiveCfg = Release|Win32
		{6044219A-7052-498F-8AC0-1D691E928680}.Release|x86.Build.0 = Release|Win32
		{6044219A-7052-498F-8AC0-1D691E928680}.Remote|x64.ActiveCfg = Remote|x64
		{6044219A-7052-498F-8AC0-1D691E928680}.Remote|x64.Build.0 = Remote|x64
		{6044219A-7052-498F-8AC0-1D691E928680}.Remote|x64.Deploy.0 = Remote|x64
		{6044219A-7052-498F-8AC0-1D691E928680}.Remote|x86.ActiveCfg = Remote|Win32
		{6044219A-7052-498F-8AC0-1D691E928680}.Remote|x86.Build.0 = Remote|Win32
		{820F58E1-4F75-4997-B9FF-F325A534AC57}.Debug|x64.ActiveCfg = Debug|x64
		{820F58E1-4F75-4997-B9FF-F325A534AC57}.Debug|x64.Build.0 = Debug|x64
		{820F58E1-4F75-4997-B9FF-F325A534AC57}.Debug|x86.ActiveCfg = Debug|Win32
		{820F58E1-4F75-4997-B9FF-F325A534AC57}.Debug|x86.Build.0 = Debug|Win32
		{820F58E1-4F75-4997-B9FF-F325A534AC57}.Release|x64.ActiveCfg = Release|x64
		{820F58E1-4F75-4997-B9FF-F325A534AC57}.Release|x64.Build.0 = Release|x64
		{820F58E1-4F75-4997-B9FF-F325A534AC57}.Release|x86.ActiveCfg = Release|Win32
		{820F58E1-4F75-4997-B9FF-F325A534AC57}.Release|x86.Build.0 = Release|Win32
		{820F58E1-4F75-4997-B9FF-F325A534AC57}.Remote|x64.ActiveCfg = Remote|x64
		{820F58E1-4F75-4997-B9FF-F325A534AC57}.Remote|x64.Build.0 = Remote|x64
		{820F58E1-4F75-4997-B9FF-F325A534AC57}.Remote|x64.Deploy.0 = Remote|x64
		{820F58E1-4F75-4997-B9FF-F325A534AC57}.Remote|x86.ActiveCfg = Remote|Win32
		{820F58E1-4F75-4997-B9FF-F325A534AC57}.Remote|x86.Build.0 = Remote|Win32
		{B5E1437F-4EB7-49CC-8261-7CCB15DDB87C}.Debug|x64.ActiveCfg = Debug|x64
		{B5E1437F-4EB7-49CC-8261-7CCB15DDB87C}.Debug|x64.Build.0 = Debug|x64
		{B5E1437F-4EB7-49CC-8261-7CCB15DDB87C}.Debug|x86.ActiveCfg = Debug|Win32
		{B5E1437F-4EB7-49CC-8261-7CCB15DDB87C}.Debug|x86.Build.0 = Debug|Win32
		{B5E1437F-4EB7-49CC-8261-7CCB15DDB87C}.Release|x64.ActiveCfg = Release|x64
		{B5E1437F-4EB7-49CC-8261-7CCB15DDB87C}.Release|x64.Build.0 = Release|x64
		{B5E1437F-4EB7-49CC-8261-7CCB15DDB87C}.Release|x86.ActiveCfg = Release|Win32
		{B5E1437F-4EB7-49CC-8261-7CCB15DDB87C}.Release|x86.Build.0 = Release|Win32
		{B5E1437F-4EB7-49CC-8261-7CCB15DDB87C}.Remote|x64.ActiveCfg = Remote|x64
		{B5E1437F-4EB7-49CC-8261-7CCB15DDB87C}.Remote|x64.Build.0 = Remote|x64
		{B5E1437F-4EB7-49CC-8261-7CCB15DDB87C}.Remote|x64.Deploy.0 = Remote|x64
		{B5E1437F-4EB7-49CC-8261-7CCB15DDB87C}.Remote|x86.ActiveCfg = Remote|Win32
		{B5E1437F-4EB7-49CC-8261-7CCB15DDB87C}.Remote|x86.Build.0 = Remote|Win32
		{4358463A-0BF6-4BC6-B4D8-990766527956}.Debug|x64.ActiveCfg = Debug|x64
		{4358463A-0BF6-4BC6-B4D8-990766527956}.Debug|x64.Build.0 = Debug|x64
		{4358463A-0BF6-4BC6-B4D8-990766527956}.Debug|x86.ActiveCfg = Debug|Win32
		{4358463A-0BF6-4BC6-B4D8-990766527956}.Debug|x86.Build.0 = Debug|Win32
		{4358463A-0BF6-4BC6-B4D8-990766527956}.Release|x64.ActiveCfg = Release|x64
		{4358463A-0BF6-4BC6-B4D8-990766527956}.Release|x64.Build.0 = Release|x64
		{4358463A-0BF6-4BC6-B4D8-990766527956}.Release|x86.ActiveCfg = Release|Win32
		{4358463A-0BF6-4BC6-B4D8-990766527956}.Release|x86.Build.0 = Release|Win32
		{4358463A-0BF6-4BC6-B4D8-990766527956}.Remote|x64.ActiveCfg = Remote|x64
		{4358463A-0BF6-4BC6-B4D8-990766527956}.Remote|x64.Build.0 = Remote|x64
		{4358463A-0BF6-4BC6-B4D8-990766527956}.Remote|x64.Deploy.0 = Remote|x64
		{4358463A-0BF6-4BC6-B4D8-990766527956}.Remote|x86.ActiveCfg = Remote|Win32
		{4358463A-0BF6-4BC6-B4D8-990766527956}.Remote|x86.Build.0 = Remote|Win32
		{FCD365B8-64DB-4216-AB4E-91D3C965AE81}.Debug|x64.ActiveCfg = Debug|x64
		{FCD365B8-64DB-4216-AB4E-91D3C965AE81}.Debug|x64.Build.0 = Debug|x64
		{FCD365B8-64DB-4216-AB4E-91D3C965AE81}.Debug|x86.ActiveCfg = Debug|Win32
		{FCD365B8-64DB-4216-AB4E-91D3C965AE81}.Debug|x86.Build.0 = Debug|Win32
		{FCD365B8-64DB-4216-AB4E-91D3C965AE81}.Release|x64.ActiveCfg = Release|x64
		{FCD365B8-64DB-4216-AB4E-91D3C965AE81}.Release|x64.Build.0 = Release|x64
		{FCD365B8-64DB-4216-AB4E-91D3C965AE81}.Release|x64.Deploy.0 = Release|x64
		{FCD365B8-64DB-4216-AB4E-91D3C965AE81}.Release|x86.ActiveCfg = Release|Win32
		{FCD365B8-64DB-4216-AB4E-91D3C965AE81}.Release|x86.Build.0 = Release|Win32
		{FCD365B8-64DB-4216-AB4E-91D3C965AE81}.Remote|x64.ActiveCfg = Remote|x64
		{FCD365B8-64DB-4216-AB4E-91D3C965AE81}.Remote|x64.Build.0 = Remote|x64
		{FCD365B8-64DB-4216-AB4E-91D3C965AE81}.Remote|x86.ActiveCfg = Remote|Win32
		{FCD365B8-64DB-4216-AB4E-91D3C965AE81}.Remote|x86.Build.0 = Remote|Win32
		{E1B88C1D-F319-47CC-99AD-6C0207A89A3B}.Debug|x64.ActiveCfg = Debug|x64
		{E1B88C1D-F319-47CC-99AD-6C0207A89A3B}.Debug|x64.Build.0 = Debug|x64
		{E1B88C1D-F319-47CC-99AD-6C0207A89A3B}.Debug|x86.ActiveCfg = Debug|Win32
		{E1B88C1D-F319-47CC-99AD-6C0207A89A3B}.Debug|x86.Build.0 = Debug|Win32
		{E1B88C1D-F319-47CC-99AD-6C0207A89A3B}.Release|x64.ActiveCfg = Release|x64
		{E1B88C1D-F319-47CC-99AD-6C0207A89A3B}.Release|x64.Build.0 = Release|x64
		{E1B88C1D-F319-47CC-99AD-6C0207A89A3B}.Release|x86.ActiveCfg = Release|Win32
		{E1B88C1D-F319-47CC-99AD-6C0207A89A3B}.Release|x86.Build.0 = Release|Win32
		{E1B88C1D-F319-47CC-99AD-6C0207A89A3B}.Remote|x64.ActiveCfg = Release|x64
		{E1B88C1D-F319-47CC-99AD-6C0207A89A3B}.Remote|x64.Build.0 = Release|x64
		{E1B88C1D-F319-47CC-99AD-6C0207A89A3B}.Remote|x86.ActiveCfg = Release|Win32
		{E1B88C1D-F319-47CC-99AD-6C0207A89A3B}.Remote|x86.Build.0 = Release|Win32
		{1E71546D-08BE-4023-90FF-C8129DA572C8}.Debug|x64.ActiveCfg = Debug|x64
		{1E71546D-08BE-4023-90FF-C8129DA572C8}.Debug|x64.Build.0 = Debug|x64
		{1E71546D-08BE-4023-90FF-C8129DA572C8}.Debug|x86.ActiveCfg = Debug|Win32
		{1E71546D-08BE-4023-90FF-C8129DA572C8}.Debug|x86.Build.0 = Debug|Win32
		{1E71546D-08BE-4023-90FF-C8129DA572C8}.Release|x64.ActiveCfg = Release|x64
		{1E71546D-08BE-4023-90FF-C8129DA572C8}.Release|x64.Build.0 = Release|x64
		{1E71546D-08BE-4023-90FF-C8129DA572C8}.Release|x86.ActiveCfg = Release|Win32
		{1E71546D-08BE-4023-90FF-C8129DA572C8}.Release|x86.Build.0 = Release|Win32
		{1E71546D-08BE-4023-90FF-C8129DA572C8}.Remote|x64.ActiveCfg = Release|x64
		{1E71546D-08BE-4023-90FF-C8129DA572C8}.Remote|x64.Build.0 = Release|x64
		{1E71546D-08BE-4023-90FF-C8129DA572C8}.Remote|x86.ActiveCfg = Release|Win32
		{1E71546D-08BE-4023-90FF-C8129DA572C8}.Remote|x86.Build.0 = Release|Win32
		{867F87FF-F159-463D-AC2E-C7BE1EBFEC41}.Debug|x64.ActiveCfg = Debug
		{867F87FF-F159-463D-AC2E-C7BE1EBFEC41}.Debug|x64.Build.0 = Debug
		{867F87FF-F159-463D-AC2E-C7BE1EBFEC41}.Debug|x86.ActiveCfg = Debug
		{867F87FF-F159-463D-AC2E-C7BE1EBFEC41}.Debug|x86.Build.0 = Debug
		{867F87FF-F159-463D-AC2E-C7BE1EBFEC41}.Release|x64.ActiveCfg = Release
		{867F87FF-F159-463D-AC2E-C7BE1EBFEC41}.Release|x64.Build.0 = Release
		{867F87FF-F159-463D-AC2E-C7BE1EBFEC41}.Release|x86.ActiveCfg = Release
		{867F87FF-F159-463D-AC2E-C7BE1EBFEC41}.Release|x86.Build.0 = Release
		{867F87FF-F159-463D-AC2E-C7BE1EBFEC41}.Remote|x64.ActiveCfg = Release
		{867F87FF-F159-463D-AC2E-C7BE1EBFEC41}.Remote|x64.Build.0 = Release
		{867F87FF-F159-463D-AC2E-C7BE1EBFEC41}.Remote|x86.ActiveCfg = Release
		{867F87FF-F159-463D-AC2E-C7BE1EBFEC41}.Remote|x86.Build.0 = Release
	EndGlobalSection
	GlobalSection(SolutionProperties) = preSolution
		HideSolutionNode = FALSE
	EndGlobalSection
	GlobalSection(ExtensibilityGlobals) = postSolution
		SolutionGuid = {00AFE2F0-365B-460D-941D-9E539D071912}
	EndGlobalSection
EndGlobal
